
Microsoft Visual Studio Solution File, Format Version 11.00
# Visual Studio 2010
Project("{8BC9CEB8-8B4A-11D0-8D11-00A0C91BC942}") = "SkyRadio", "SkyRadio\SkyRadio.vcxproj", "{EE9ABFBF-2A02-4F34-9643-2D25699E172A}"
EndProject
Global
	GlobalSection(SolutionConfigurationPlatforms) = preSolution
		Debug|Win32 = Debug|Win32
		Release|Win32 = Release|Win32
	EndGlobalSection
	GlobalSection(ProjectConfigurationPlatforms) = postSolution
		{EE9ABFBF-2A02-4F34-9643-2D25699E172A}.Debug|Win32.ActiveCfg = Debug|Win32
		{EE9ABFBF-2A02-4F34-9643-2D25699E172A}.Debug|Win32.Build.0 = Debug|Win32
		{EE9ABFBF-2A02-4F34-9643-2D25699E172A}.Release|Win32.ActiveCfg = Release|Win32
		{EE9ABFBF-2A02-4F34-9643-2D25699E172A}.Release|Win32.Build.0 = Release|Win32
	EndGlobalSection
	GlobalSection(SolutionProperties) = preSolution
		HideSolutionNode = FALSE
	EndGlobalSection
EndGlobal
